
Microsoft Visual Studio Solution File, Format Version 12.00
Project("{FAE04EC0-301F-11D3-BF4B-00C04F79EFBC}") = "Personal.Bot", "Personal.Bot\Personal.Bot.csproj", "{8B96F6C7-AA0A-44EC-9456-87A284C1915C}"
EndProject
Global
	GlobalSection(SolutionConfigurationPlatforms) = preSolution
		Debug|Any CPU = Debug|Any CPU
		Release|Any CPU = Release|Any CPU
	EndGlobalSection
	GlobalSection(ProjectConfigurationPlatforms) = postSolution
		{8B96F6C7-AA0A-44EC-9456-87A284C1915C}.Debug|Any CPU.ActiveCfg = Debug|Any CPU
		{8B96F6C7-AA0A-44EC-9456-87A284C1915C}.Debug|Any CPU.Build.0 = Debug|Any CPU
		{8B96F6C7-AA0A-44EC-9456-87A284C1915C}.Release|Any CPU.ActiveCfg = Release|Any CPU
		{8B96F6C7-AA0A-44EC-9456-87A284C1915C}.Release|Any CPU.Build.0 = Release|Any CPU
	EndGlobalSection
EndGlobal
